
Microsoft Visual Studio Solution File, Format Version 12.00
# Visual Studio Version 17
Project("{2150E333-8FDC-42A3-9474-1A3956D46DE8}") = "CMakePredefinedTargets", "CMakePredefinedTargets", "{47BC98BB-813B-3221-9EAE-70999C8859A0}"
EndProject
Project("{8BC9CEB8-8B4A-11D0-8D11-00A0C91BC942}") = "ALL_BUILD", "ALL_BUILD.vcxproj", "{43C594F7-EE0F-3352-BF53-70E0B98460F1}"
	ProjectSection(ProjectDependencies) = postProject
		{09872B62-9095-3CB2-9CE5-D07A01ED5F34} = {09872B62-9095-3CB2-9CE5-D07A01ED5F34}
		{A969C841-ED6E-3162-9146-1923A8D125EA} = {A969C841-ED6E-3162-9146-1923A8D125EA}
		{768D4DF3-1B6C-34AF-BBC7-14751C205954} = {768D4DF3-1B6C-34AF-BBC7-14751C205954}
		{5DBD3A3F-458A-355F-843D-C646046AA4A3} = {5DBD3A3F-458A-355F-843D-C646046AA4A3}
		{185874FD-6F79-3DB6-8499-A91261C210CA} = {185874FD-6F79-3DB6-8499-A91261C210CA}
		{B7803D37-7977-3D85-906D-AD52F44532BC} = {B7803D37-7977-3D85-906D-AD52F44532BC}
	EndProjectSection
EndProject
Project("{8BC9CEB8-8B4A-11D0-8D11-00A0C91BC942}") = "HenjouRenderer", "HenjouRenderer\HenjouRenderer.vcxproj", "{09872B62-9095-3CB2-9CE5-D07A01ED5F34}"
	ProjectSection(ProjectDependencies) = postProject
		{A969C841-ED6E-3162-9146-1923A8D125EA} = {A969C841-ED6E-3162-9146-1923A8D125EA}
		{768D4DF3-1B6C-34AF-BBC7-14751C205954} = {768D4DF3-1B6C-34AF-BBC7-14751C205954}
		{5DBD3A3F-458A-355F-843D-C646046AA4A3} = {5DBD3A3F-458A-355F-843D-C646046AA4A3}
		{185874FD-6F79-3DB6-8499-A91261C210CA} = {185874FD-6F79-3DB6-8499-A91261C210CA}
		{B7803D37-7977-3D85-906D-AD52F44532BC} = {B7803D37-7977-3D85-906D-AD52F44532BC}
	EndProjectSection
EndProject
Project("{8BC9CEB8-8B4A-11D0-8D11-00A0C91BC942}") = "ZERO_CHECK", "ZERO_CHECK.vcxproj", "{A969C841-ED6E-3162-9146-1923A8D125EA}"
	ProjectSection(ProjectDependencies) = postProject
	EndProjectSection
EndProject
Project("{8BC9CEB8-8B4A-11D0-8D11-00A0C91BC942}") = "glad", "support\glad.vcxproj", "{768D4DF3-1B6C-34AF-BBC7-14751C205954}"
	ProjectSection(ProjectDependencies) = postProject
		{A969C841-ED6E-3162-9146-1923A8D125EA} = {A969C841-ED6E-3162-9146-1923A8D125EA}
	EndProjectSection
EndProject
Project("{8BC9CEB8-8B4A-11D0-8D11-00A0C91BC942}") = "glfw", "support\GLFW\src\glfw.vcxproj", "{5DBD3A3F-458A-355F-843D-C646046AA4A3}"
	ProjectSection(ProjectDependencies) = postProject
		{A969C841-ED6E-3162-9146-1923A8D125EA} = {A969C841-ED6E-3162-9146-1923A8D125EA}
	EndProjectSection
EndProject
Project("{8BC9CEB8-8B4A-11D0-8D11-00A0C91BC942}") = "imgui", "support\imgui\imgui.vcxproj", "{185874FD-6F79-3DB6-8499-A91261C210CA}"
	ProjectSection(ProjectDependencies) = postProject
		{A969C841-ED6E-3162-9146-1923A8D125EA} = {A969C841-ED6E-3162-9146-1923A8D125EA}
		{768D4DF3-1B6C-34AF-BBC7-14751C205954} = {768D4DF3-1B6C-34AF-BBC7-14751C205954}
		{5DBD3A3F-458A-355F-843D-C646046AA4A3} = {5DBD3A3F-458A-355F-843D-C646046AA4A3}
	EndProjectSection
EndProject
Project("{8BC9CEB8-8B4A-11D0-8D11-00A0C91BC942}") = "sutil_7_sdk", "sutil\sutil_7_sdk.vcxproj", "{B7803D37-7977-3D85-906D-AD52F44532BC}"
	ProjectSection(ProjectDependencies) = postProject
		{A969C841-ED6E-3162-9146-1923A8D125EA} = {A969C841-ED6E-3162-9146-1923A8D125EA}
		{768D4DF3-1B6C-34AF-BBC7-14751C205954} = {768D4DF3-1B6C-34AF-BBC7-14751C205954}
		{5DBD3A3F-458A-355F-843D-C646046AA4A3} = {5DBD3A3F-458A-355F-843D-C646046AA4A3}
		{185874FD-6F79-3DB6-8499-A91261C210CA} = {185874FD-6F79-3DB6-8499-A91261C210CA}
	EndProjectSection
EndProject
Global
	GlobalSection(SolutionConfigurationPlatforms) = preSolution
		Debug|x64 = Debug|x64
		Release|x64 = Release|x64
		MinSizeRel|x64 = MinSizeRel|x64
		RelWithDebInfo|x64 = RelWithDebInfo|x64
	EndGlobalSection
	GlobalSection(ProjectConfigurationPlatforms) = postSolution
		{43C594F7-EE0F-3352-BF53-70E0B98460F1}.Debug|x64.ActiveCfg = Debug|x64
		{43C594F7-EE0F-3352-BF53-70E0B98460F1}.Release|x64.ActiveCfg = Release|x64
		{43C594F7-EE0F-3352-BF53-70E0B98460F1}.MinSizeRel|x64.ActiveCfg = MinSizeRel|x64
		{43C594F7-EE0F-3352-BF53-70E0B98460F1}.RelWithDebInfo|x64.ActiveCfg = RelWithDebInfo|x64
		{09872B62-9095-3CB2-9CE5-D07A01ED5F34}.Debug|x64.ActiveCfg = Debug|x64
		{09872B62-9095-3CB2-9CE5-D07A01ED5F34}.Debug|x64.Build.0 = Debug|x64
		{09872B62-9095-3CB2-9CE5-D07A01ED5F34}.Release|x64.ActiveCfg = Release|x64
		{09872B62-9095-3CB2-9CE5-D07A01ED5F34}.Release|x64.Build.0 = Release|x64
		{09872B62-9095-3CB2-9CE5-D07A01ED5F34}.MinSizeRel|x64.ActiveCfg = MinSizeRel|x64
		{09872B62-9095-3CB2-9CE5-D07A01ED5F34}.MinSizeRel|x64.Build.0 = MinSizeRel|x64
		{09872B62-9095-3CB2-9CE5-D07A01ED5F34}.RelWithDebInfo|x64.ActiveCfg = RelWithDebInfo|x64
		{09872B62-9095-3CB2-9CE5-D07A01ED5F34}.RelWithDebInfo|x64.Build.0 = RelWithDebInfo|x64
		{A969C841-ED6E-3162-9146-1923A8D125EA}.Debug|x64.ActiveCfg = Debug|x64
		{A969C841-ED6E-3162-9146-1923A8D125EA}.Debug|x64.Build.0 = Debug|x64
		{A969C841-ED6E-3162-9146-1923A8D125EA}.Release|x64.ActiveCfg = Release|x64
		{A969C841-ED6E-3162-9146-1923A8D125EA}.Release|x64.Build.0 = Release|x64
		{A969C841-ED6E-3162-9146-1923A8D125EA}.MinSizeRel|x64.ActiveCfg = MinSizeRel|x64
		{A969C841-ED6E-3162-9146-1923A8D125EA}.MinSizeRel|x64.Build.0 = MinSizeRel|x64
		{A969C841-ED6E-3162-9146-1923A8D125EA}.RelWithDebInfo|x64.ActiveCfg = RelWithDebInfo|x64
		{A969C841-ED6E-3162-9146-1923A8D125EA}.RelWithDebInfo|x64.Build.0 = RelWithDebInfo|x64
		{768D4DF3-1B6C-34AF-BBC7-14751C205954}.Debug|x64.ActiveCfg = Debug|x64
		{768D4DF3-1B6C-34AF-BBC7-14751C205954}.Debug|x64.Build.0 = Debug|x64
		{768D4DF3-1B6C-34AF-BBC7-14751C205954}.Release|x64.ActiveCfg = Release|x64
		{768D4DF3-1B6C-34AF-BBC7-14751C205954}.Release|x64.Build.0 = Release|x64
		{768D4DF3-1B6C-34AF-BBC7-14751C205954}.MinSizeRel|x64.ActiveCfg = MinSizeRel|x64
		{768D4DF3-1B6C-34AF-BBC7-14751C205954}.MinSizeRel|x64.Build.0 = MinSizeRel|x64
		{768D4DF3-1B6C-34AF-BBC7-14751C205954}.RelWithDebInfo|x64.ActiveCfg = RelWithDebInfo|x64
		{768D4DF3-1B6C-34AF-BBC7-14751C205954}.RelWithDebInfo|x64.Build.0 = RelWithDebInfo|x64
		{5DBD3A3F-458A-355F-843D-C646046AA4A3}.Debug|x64.ActiveCfg = Debug|x64
		{5DBD3A3F-458A-355F-843D-C646046AA4A3}.Debug|x64.Build.0 = Debug|x64
		{5DBD3A3F-458A-355F-843D-C646046AA4A3}.Release|x64.ActiveCfg = Release|x64
		{5DBD3A3F-458A-355F-843D-C646046AA4A3}.Release|x64.Build.0 = Release|x64
		{5DBD3A3F-458A-355F-843D-C646046AA4A3}.MinSizeRel|x64.ActiveCfg = MinSizeRel|x64
		{5DBD3A3F-458A-355F-843D-C646046AA4A3}.MinSizeRel|x64.Build.0 = MinSizeRel|x64
		{5DBD3A3F-458A-355F-843D-C646046AA4A3}.RelWithDebInfo|x64.ActiveCfg = RelWithDebInfo|x64
		{5DBD3A3F-458A-355F-843D-C646046AA4A3}.RelWithDebInfo|x64.Build.0 = RelWithDebInfo|x64
		{185874FD-6F79-3DB6-8499-A91261C210CA}.Debug|x64.ActiveCfg = Debug|x64
		{185874FD-6F79-3DB6-8499-A91261C210CA}.Debug|x64.Build.0 = Debug|x64
		{185874FD-6F79-3DB6-8499-A91261C210CA}.Release|x64.ActiveCfg = Release|x64
		{185874FD-6F79-3DB6-8499-A91261C210CA}.Release|x64.Build.0 = Release|x64
		{185874FD-6F79-3DB6-8499-A91261C210CA}.MinSizeRel|x64.ActiveCfg = MinSizeRel|x64
		{185874FD-6F79-3DB6-8499-A91261C210CA}.MinSizeRel|x64.Build.0 = MinSizeRel|x64
		{185874FD-6F79-3DB6-8499-A91261C210CA}.RelWithDebInfo|x64.ActiveCfg = RelWithDebInfo|x64
		{185874FD-6F79-3DB6-8499-A91261C210CA}.RelWithDebInfo|x64.Build.0 = RelWithDebInfo|x64
		{B7803D37-7977-3D85-906D-AD52F44532BC}.Debug|x64.ActiveCfg = Debug|x64
		{B7803D37-7977-3D85-906D-AD52F44532BC}.Debug|x64.Build.0 = Debug|x64
		{B7803D37-7977-3D85-906D-AD52F44532BC}.Release|x64.ActiveCfg = Release|x64
		{B7803D37-7977-3D85-906D-AD52F44532BC}.Release|x64.Build.0 = Release|x64
		{B7803D37-7977-3D85-906D-AD52F44532BC}.MinSizeRel|x64.ActiveCfg = MinSizeRel|x64
		{B7803D37-7977-3D85-906D-AD52F44532BC}.MinSizeRel|x64.Build.0 = MinSizeRel|x64
		{B7803D37-7977-3D85-906D-AD52F44532BC}.RelWithDebInfo|x64.ActiveCfg = RelWithDebInfo|x64
		{B7803D37-7977-3D85-906D-AD52F44532BC}.RelWithDebInfo|x64.Build.0 = RelWithDebInfo|x64
	EndGlobalSection
	GlobalSection(NestedProjects) = preSolution
		{43C594F7-EE0F-3352-BF53-70E0B98460F1} = {47BC98BB-813B-3221-9EAE-70999C8859A0}
		{A969C841-ED6E-3162-9146-1923A8D125EA} = {47BC98BB-813B-3221-9EAE-70999C8859A0}
	EndGlobalSection
	GlobalSection(ExtensibilityGlobals) = postSolution
		SolutionGuid = {7B18A9C9-1692-30C1-AC97-8A19712DEB46}
	EndGlobalSection
	GlobalSection(ExtensibilityAddIns) = postSolution
	EndGlobalSection
EndGlobal
