<?xml version="1.0" encoding="utf-8"?>
<Project ToolsVersion="17.0" xmlns="http://schemas.microsoft.com/developer/msbuild/2003">
  <ItemGroup>
    <ClCompile Include="C:\Users\PC\Documents\Optix\SDK\HenjouRenderer\henjouRenderer.cpp">
      <Filter>Source Files</Filter>
    </ClCompile>
  </ItemGroup>
  <ItemGroup>
    <ClInclude Include="C:\Users\PC\Documents\Optix\SDK\HenjouRenderer\henjouRenderer.h">
      <Filter>Header Files</Filter>
    </ClInclude>
    <ClInclude Include="..\include\renderer\animation.h">
      <Filter>Header Files</Filter>
    </ClInclude>
    <ClInclude Include="..\include\renderer\material.h">
      <Filter>Header Files</Filter>
    </ClInclude>
    <ClInclude Include="..\include\renderer\render_option.h">
      <Filter>Header Files</Filter>
    </ClInclude>
    <ClInclude Include="..\include\renderer\renderer.h">
      <Filter>Header Files</Filter>
    </ClInclude>
    <ClInclude Include="..\include\renderer\scene.h">
      <Filter>Header Files</Filter>
    </ClInclude>
    <ClInclude Include="..\include\renderer\texture.h">
      <Filter>Header Files</Filter>
    </ClInclude>
    <ClInclude Include="..\include\loader\gltfloader.h">
      <Filter>Header Files</Filter>
    </ClInclude>
    <ClInclude Include="..\include\loader\material.h">
      <Filter>Header Files</Filter>
    </ClInclude>
    <ClInclude Include="..\include\loader\objloader.h">
      <Filter>Header Files</Filter>
    </ClInclude>
    <ClInclude Include="..\include\loader\render_json_loader.h">
      <Filter>Header Files</Filter>
    </ClInclude>
    <ClInclude Include="..\include\loader\texture_load.h">
      <Filter>Header Files</Filter>
    </ClInclude>
    <ClInclude Include="..\include\kernel\cmj.h">
      <Filter>CUDA Files</Filter>
    </ClInclude>
    <ClInclude Include="..\include\kernel\math.h">
      <Filter>CUDA Files</Filter>
    </ClInclude>
    <ClInclude Include="..\include\kernel\rt.h">
      <Filter>CUDA Files</Filter>
    </ClInclude>
  </ItemGroup>
  <ItemGroup>
    <CustomBuild Include="C:\Users\PC\Documents\Optix\SDK\HenjouRenderer\henjouRendererCU.cu">
      <Filter>CUDA Files</Filter>
    </CustomBuild>
    <CustomBuild Include="C:\Users\PC\Documents\Optix\SDK\HenjouRenderer\CMakeLists.txt" />
  </ItemGroup>
  <ItemGroup>
    <None Include="C:\Users\PC\Documents\Optix\build\lib\ptx\$(Configuration)\HenjouRenderer_generated_henjouRendererCU.cu.optixir">
      <Filter>OptixIR Files</Filter>
    </None>
  </ItemGroup>
  <ItemGroup>
    <Filter Include="CUDA Files">
      <UniqueIdentifier>{8011FF08-526C-3169-90A3-4287B8FE2F39}</UniqueIdentifier>
    </Filter>
    <Filter Include="Header Files">
      <UniqueIdentifier>{7225B455-C881-3956-8F47-2FEE7069C89F}</UniqueIdentifier>
    </Filter>
    <Filter Include="OptixIR Files">
      <UniqueIdentifier>{429B7501-7147-39EF-ADB0-48DA14A882A7}</UniqueIdentifier>
    </Filter>
    <Filter Include="Source Files">
      <UniqueIdentifier>{22B1E3DF-EAF9-3567-A50F-FA1DBE29F013}</UniqueIdentifier>
    </Filter>
  </ItemGroup>
</Project>