<?xml version="1.0" encoding="utf-8"?>
<Project ToolsVersion="17.0" xmlns="http://schemas.microsoft.com/developer/msbuild/2003">
  <ItemGroup>
    <ClCompile Include="C:\Users\PC\Documents\Optix\SDK\sutil\Camera.cpp">
      <Filter>Source Files</Filter>
    </ClCompile>
    <ClCompile Include="C:\Users\PC\Documents\Optix\SDK\sutil\GLDisplay.cpp">
      <Filter>Source Files</Filter>
    </ClCompile>
    <ClCompile Include="C:\Users\PC\Documents\Optix\SDK\sutil\PPMLoader.cpp">
      <Filter>Source Files</Filter>
    </ClCompile>
    <ClCompile Include="C:\Users\PC\Documents\Optix\SDK\sutil\Scene.cpp">
      <Filter>Source Files</Filter>
    </ClCompile>
    <ClCompile Include="C:\Users\PC\Documents\Optix\SDK\sutil\sutil.cpp">
      <Filter>Source Files</Filter>
    </ClCompile>
    <ClCompile Include="C:\Users\PC\Documents\Optix\SDK\sutil\Trackball.cpp">
      <Filter>Source Files</Filter>
    </ClCompile>
  </ItemGroup>
  <ItemGroup>
    <ClInclude Include="C:\Users\PC\Documents\Optix\build\sampleConfig.h">
      <Filter>Header Files</Filter>
    </ClInclude>
    <ClInclude Include="C:\Users\PC\Documents\Optix\SDK\cuda\BufferView.h">
      <Filter>Header Files</Filter>
    </ClInclude>
    <ClInclude Include="C:\Users\PC\Documents\Optix\SDK\cuda\GeometryData.h">
      <Filter>Header Files</Filter>
    </ClInclude>
    <ClInclude Include="C:\Users\PC\Documents\Optix\SDK\cuda\Light.h">
      <Filter>Header Files</Filter>
    </ClInclude>
    <ClInclude Include="C:\Users\PC\Documents\Optix\SDK\cuda\LocalGeometry.h">
      <Filter>Header Files</Filter>
    </ClInclude>
    <ClInclude Include="C:\Users\PC\Documents\Optix\SDK\cuda\MaterialData.h">
      <Filter>Header Files</Filter>
    </ClInclude>
    <ClInclude Include="C:\Users\PC\Documents\Optix\SDK\cuda\util.h">
      <Filter>Header Files</Filter>
    </ClInclude>
    <ClInclude Include="C:\Users\PC\Documents\Optix\SDK\cuda\helpers.h">
      <Filter>Header Files</Filter>
    </ClInclude>
    <ClInclude Include="C:\Users\PC\Documents\Optix\SDK\sutil\Aabb.h">
      <Filter>Header Files</Filter>
    </ClInclude>
    <ClInclude Include="C:\Users\PC\Documents\Optix\SDK\sutil\Camera.h">
      <Filter>Header Files</Filter>
    </ClInclude>
    <ClInclude Include="C:\Users\PC\Documents\Optix\SDK\sutil\CuBuffer.h">
      <Filter>Header Files</Filter>
    </ClInclude>
    <ClInclude Include="C:\Users\PC\Documents\Optix\SDK\sutil\CUDAOutputBuffer.h">
      <Filter>Header Files</Filter>
    </ClInclude>
    <ClInclude Include="C:\Users\PC\Documents\Optix\SDK\sutil\Exception.h">
      <Filter>Header Files</Filter>
    </ClInclude>
    <ClInclude Include="C:\Users\PC\Documents\Optix\SDK\sutil\GLDisplay.h">
      <Filter>Header Files</Filter>
    </ClInclude>
    <ClInclude Include="C:\Users\PC\Documents\Optix\SDK\sutil\Matrix.h">
      <Filter>Header Files</Filter>
    </ClInclude>
    <ClInclude Include="C:\Users\PC\Documents\Optix\SDK\sutil\PPMLoader.h">
      <Filter>Header Files</Filter>
    </ClInclude>
    <ClInclude Include="C:\Users\PC\Documents\Optix\SDK\sutil\Preprocessor.h">
      <Filter>Header Files</Filter>
    </ClInclude>
    <ClInclude Include="C:\Users\PC\Documents\Optix\SDK\sutil\Quaternion.h">
      <Filter>Header Files</Filter>
    </ClInclude>
    <ClInclude Include="C:\Users\PC\Documents\Optix\SDK\sutil\Record.h">
      <Filter>Header Files</Filter>
    </ClInclude>
    <ClInclude Include="C:\Users\PC\Documents\Optix\SDK\sutil\Scene.h">
      <Filter>Header Files</Filter>
    </ClInclude>
    <ClInclude Include="C:\Users\PC\Documents\Optix\SDK\sutil\sutilapi.h">
      <Filter>Header Files</Filter>
    </ClInclude>
    <ClInclude Include="C:\Users\PC\Documents\Optix\SDK\sutil\sutil.h">
      <Filter>Header Files</Filter>
    </ClInclude>
    <ClInclude Include="C:\Users\PC\Documents\Optix\SDK\sutil\Trackball.h">
      <Filter>Header Files</Filter>
    </ClInclude>
    <ClInclude Include="C:\Users\PC\Documents\Optix\SDK\sutil\vec_math.h">
      <Filter>Header Files</Filter>
    </ClInclude>
  </ItemGroup>
  <ItemGroup>
    <CustomBuild Include="C:\Users\PC\Documents\Optix\SDK\cuda\camera.cu">
      <Filter>CUDA Files</Filter>
    </CustomBuild>
    <CustomBuild Include="C:\Users\PC\Documents\Optix\SDK\cuda\geometry.cu">
      <Filter>CUDA Files</Filter>
    </CustomBuild>
    <CustomBuild Include="C:\Users\PC\Documents\Optix\SDK\cuda\shading.cu">
      <Filter>CUDA Files</Filter>
    </CustomBuild>
    <CustomBuild Include="C:\Users\PC\Documents\Optix\SDK\cuda\sphere.cu">
      <Filter>CUDA Files</Filter>
    </CustomBuild>
    <CustomBuild Include="C:\Users\PC\Documents\Optix\SDK\cuda\whitted.cu">
      <Filter>CUDA Files</Filter>
    </CustomBuild>
    <CustomBuild Include="C:\Users\PC\Documents\Optix\SDK\sutil\CMakeLists.txt" />
  </ItemGroup>
  <ItemGroup>
    <None Include="C:\Users\PC\Documents\Optix\build\lib\ptx\$(Configuration)\sutil_generated_camera.cu.optixir">
      <Filter>OptixIR Files</Filter>
    </None>
    <None Include="C:\Users\PC\Documents\Optix\build\lib\ptx\$(Configuration)\sutil_generated_geometry.cu.optixir">
      <Filter>OptixIR Files</Filter>
    </None>
    <None Include="C:\Users\PC\Documents\Optix\build\lib\ptx\$(Configuration)\sutil_generated_shading.cu.optixir">
      <Filter>OptixIR Files</Filter>
    </None>
    <None Include="C:\Users\PC\Documents\Optix\build\lib\ptx\$(Configuration)\sutil_generated_sphere.cu.optixir">
      <Filter>OptixIR Files</Filter>
    </None>
    <None Include="C:\Users\PC\Documents\Optix\build\lib\ptx\$(Configuration)\sutil_generated_whitted.cu.optixir">
      <Filter>OptixIR Files</Filter>
    </None>
  </ItemGroup>
  <ItemGroup>
    <Filter Include="CUDA Files">
      <UniqueIdentifier>{8011FF08-526C-3169-90A3-4287B8FE2F39}</UniqueIdentifier>
    </Filter>
    <Filter Include="Header Files">
      <UniqueIdentifier>{7225B455-C881-3956-8F47-2FEE7069C89F}</UniqueIdentifier>
    </Filter>
    <Filter Include="OptixIR Files">
      <UniqueIdentifier>{429B7501-7147-39EF-ADB0-48DA14A882A7}</UniqueIdentifier>
    </Filter>
    <Filter Include="Source Files">
      <UniqueIdentifier>{22B1E3DF-EAF9-3567-A50F-FA1DBE29F013}</UniqueIdentifier>
    </Filter>
  </ItemGroup>
</Project>
