
Microsoft Visual Studio Solution File, Format Version 12.00
# Visual Studio Version 17
Project("{2150E333-8FDC-42A3-9474-1A3956D46DE8}") = "CMakePredefinedTargets", "CMakePredefinedTargets", "{47BC98BB-813B-3221-9EAE-70999C8859A0}"
EndProject
Project("{8BC9CEB8-8B4A-11D0-8D11-00A0C91BC942}") = "ALL_BUILD", "ALL_BUILD.vcxproj", "{43C594F7-EE0F-3352-BF53-70E0B98460F1}"
	ProjectSection(ProjectDependencies) = postProject
		{A969C841-ED6E-3162-9146-1923A8D125EA} = {A969C841-ED6E-3162-9146-1923A8D125EA}
		{5DBD3A3F-458A-355F-843D-C646046AA4A3} = {5DBD3A3F-458A-355F-843D-C646046AA4A3}
	EndProjectSection
EndProject
Project("{8BC9CEB8-8B4A-11D0-8D11-00A0C91BC942}") = "ZERO_CHECK", "..\..\\ZERO_CHECK.vcxproj", "{A969C841-ED6E-3162-9146-1923A8D125EA}"
	ProjectSection(ProjectDependencies) = postProject
	EndProjectSection
EndProject
Project("{8BC9CEB8-8B4A-11D0-8D11-00A0C91BC942}") = "glfw", "src\glfw.vcxproj", "{5DBD3A3F-458A-355F-843D-C646046AA4A3}"
	ProjectSection(ProjectDependencies) = postProject
		{A969C841-ED6E-3162-9146-1923A8D125EA} = {A969C841-ED6E-3162-9146-1923A8D125EA}
	EndProjectSection
EndProject
Global
	GlobalSection(SolutionConfigurationPlatforms) = preSolution
		Debug|x64 = Debug|x64
		Release|x64 = Release|x64
		MinSizeRel|x64 = MinSizeRel|x64
		RelWithDebInfo|x64 = RelWithDebInfo|x64
	EndGlobalSection
	GlobalSection(ProjectConfigurationPlatforms) = postSolution
		{43C594F7-EE0F-3352-BF53-70E0B98460F1}.Debug|x64.ActiveCfg = Debug|x64
		{43C594F7-EE0F-3352-BF53-70E0B98460F1}.Release|x64.ActiveCfg = Release|x64
		{43C594F7-EE0F-3352-BF53-70E0B98460F1}.MinSizeRel|x64.ActiveCfg = MinSizeRel|x64
		{43C594F7-EE0F-3352-BF53-70E0B98460F1}.RelWithDebInfo|x64.ActiveCfg = RelWithDebInfo|x64
		{A969C841-ED6E-3162-9146-1923A8D125EA}.Debug|x64.ActiveCfg = Debug|x64
		{A969C841-ED6E-3162-9146-1923A8D125EA}.Debug|x64.Build.0 = Debug|x64
		{A969C841-ED6E-3162-9146-1923A8D125EA}.Release|x64.ActiveCfg = Release|x64
		{A969C841-ED6E-3162-9146-1923A8D125EA}.Release|x64.Build.0 = Release|x64
		{A969C841-ED6E-3162-9146-1923A8D125EA}.MinSizeRel|x64.ActiveCfg = MinSizeRel|x64
		{A969C841-ED6E-3162-9146-1923A8D125EA}.MinSizeRel|x64.Build.0 = MinSizeRel|x64
		{A969C841-ED6E-3162-9146-1923A8D125EA}.RelWithDebInfo|x64.ActiveCfg = RelWithDebInfo|x64
		{A969C841-ED6E-3162-9146-1923A8D125EA}.RelWithDebInfo|x64.Build.0 = RelWithDebInfo|x64
		{5DBD3A3F-458A-355F-843D-C646046AA4A3}.Debug|x64.ActiveCfg = Debug|x64
		{5DBD3A3F-458A-355F-843D-C646046AA4A3}.Debug|x64.Build.0 = Debug|x64
		{5DBD3A3F-458A-355F-843D-C646046AA4A3}.Release|x64.ActiveCfg = Release|x64
		{5DBD3A3F-458A-355F-843D-C646046AA4A3}.Release|x64.Build.0 = Release|x64
		{5DBD3A3F-458A-355F-843D-C646046AA4A3}.MinSizeRel|x64.ActiveCfg = MinSizeRel|x64
		{5DBD3A3F-458A-355F-843D-C646046AA4A3}.MinSizeRel|x64.Build.0 = MinSizeRel|x64
		{5DBD3A3F-458A-355F-843D-C646046AA4A3}.RelWithDebInfo|x64.ActiveCfg = RelWithDebInfo|x64
		{5DBD3A3F-458A-355F-843D-C646046AA4A3}.RelWithDebInfo|x64.Build.0 = RelWithDebInfo|x64
	EndGlobalSection
	GlobalSection(NestedProjects) = preSolution
		{43C594F7-EE0F-3352-BF53-70E0B98460F1} = {47BC98BB-813B-3221-9EAE-70999C8859A0}
		{A969C841-ED6E-3162-9146-1923A8D125EA} = {47BC98BB-813B-3221-9EAE-70999C8859A0}
	EndGlobalSection
	GlobalSection(ExtensibilityGlobals) = postSolution
		SolutionGuid = {BB374281-23A6-3124-A7F0-B8557B8793CA}
	EndGlobalSection
	GlobalSection(ExtensibilityAddIns) = postSolution
	EndGlobalSection
EndGlobal
